// !$*UTF8*$!
{
	archiveVersion = 1;
	classes = {
	};
	objectVersion = 46;
	objects = {

/* Begin PBXBuildFile section */
		84B65594EF8A8387357F646E /* Pods_Twitter_Login.framework in Frameworks */ = {isa = PBXBuildFile; fileRef = B2ADF46C035A4CECD242408F /* Pods_Twitter_Login.framework */; };
		BAD7A572214F904500C3E6AF /* AppDelegate.swift in Sources */ = {isa = PBXBuildFile; fileRef = BAD7A571214F904500C3E6AF /* AppDelegate.swift */; };
		BAD7A579214F904500C3E6AF /* Assets.xcassets in Resources */ = {isa = PBXBuildFile; fileRef = BAD7A578214F904500C3E6AF /* Assets.xcassets */; };
		BAD7A5AA214FCB8900C3E6AF /* LoginViewController.swift in Sources */ = {isa = PBXBuildFile; fileRef = BAD7A5A8214FCB8900C3E6AF /* LoginViewController.swift */; };
		BAD7A5AB214FCB8900C3E6AF /* LoginViewController.xib in Resources */ = {isa = PBXBuildFile; fileRef = BAD7A5A9214FCB8900C3E6AF /* LoginViewController.xib */; };
		BAD7A5AE214FD8D700C3E6AF /* UserViewControllerViewController.swift in Sources */ = {isa = PBXBuildFile; fileRef = BAD7A5AC214FD8D700C3E6AF /* UserViewControllerViewController.swift */; };
		BAD7A5AF214FD8D700C3E6AF /* UserViewControllerViewController.xib in Resources */ = {isa = PBXBuildFile; fileRef = BAD7A5AD214FD8D700C3E6AF /* UserViewControllerViewController.xib */; };
		BAD7A5B22154082A00C3E6AF /* FriendListViewController.swift in Sources */ = {isa = PBXBuildFile; fileRef = BAD7A5B02154082A00C3E6AF /* FriendListViewController.swift */; };
		BAD7A5B32154082A00C3E6AF /* FriendListViewController.xib in Resources */ = {isa = PBXBuildFile; fileRef = BAD7A5B12154082A00C3E6AF /* FriendListViewController.xib */; };
		BAD7A5B6215408F700C3E6AF /* ListTableCellTableViewCell.swift in Sources */ = {isa = PBXBuildFile; fileRef = BAD7A5B4215408F700C3E6AF /* ListTableCellTableViewCell.swift */; };
		BAD7A5B7215408F700C3E6AF /* ListTableCellTableViewCell.xib in Resources */ = {isa = PBXBuildFile; fileRef = BAD7A5B5215408F700C3E6AF /* ListTableCellTableViewCell.xib */; };
		BAD7A5B92154F0F600C3E6AF /* AppInterface.swift in Sources */ = {isa = PBXBuildFile; fileRef = BAD7A5B82154F0F600C3E6AF /* AppInterface.swift */; };
		BAD7A5BC2155341200C3E6AF /* FollwerViewController.swift in Sources */ = {isa = PBXBuildFile; fileRef = BAD7A5BA2155341200C3E6AF /* FollwerViewController.swift */; };
		BAD7A5BD2155341200C3E6AF /* FollwerViewController.xib in Resources */ = {isa = PBXBuildFile; fileRef = BAD7A5BB2155341200C3E6AF /* FollwerViewController.xib */; };
		BAD7A5C121567D4B00C3E6AF /* Constants.swift in Sources */ = {isa = PBXBuildFile; fileRef = BAD7A5C021567D4B00C3E6AF /* Constants.swift */; };
		E0E1A591B9140949CBD9DFEE /* Pods_Twitter_LoginUITests.framework in Frameworks */ = {isa = PBXBuildFile; fileRef = 6A8DF7C5852D3DF302DEC99F /* Pods_Twitter_LoginUITests.framework */; };
		EFE6237EA6200EFD1C271503 /* Pods_Twitter_LoginTests.framework in Frameworks */ = {isa = PBXBuildFile; fileRef = 1EE5AD937814B451F9C59F32 /* Pods_Twitter_LoginTests.framework */; };
/* End PBXBuildFile section */

/* Begin PBXContainerItemProxy section */
		BAD7A583214F904500C3E6AF /* PBXContainerItemProxy */ = {
			isa = PBXContainerItemProxy;
			containerPortal = BAD7A566214F904500C3E6AF /* Project object */;
			proxyType = 1;
			remoteGlobalIDString = BAD7A56D214F904500C3E6AF;
			remoteInfo = "Twitter Login";
		};
		BAD7A58E214F904500C3E6AF /* PBXContainerItemProxy */ = {
			isa = PBXContainerItemProxy;
			containerPortal = BAD7A566214F904500C3E6AF /* Project object */;
			proxyType = 1;
			remoteGlobalIDString = BAD7A56D214F904500C3E6AF;
			remoteInfo = "Twitter Login";
		};
/* End PBXContainerItemProxy section */

/* Begin PBXFileReference section */
		1EE5AD937814B451F9C59F32 /* Pods_Twitter_LoginTests.framework */ = {isa = PBXFileReference; explicitFileType = wrapper.framework; includeInIndex = 0; path = Pods_Twitter_LoginTests.framework; sourceTree = BUILT_PRODUCTS_DIR; };
		48D54FAEE5B66825C0D84491 /* Pods-Twitter LoginTests.release.xcconfig */ = {isa = PBXFileReference; includeInIndex = 1; lastKnownFileType = text.xcconfig; name = "Pods-Twitter LoginTests.release.xcconfig"; path = "Pods/Target Support Files/Pods-Twitter LoginTests/Pods-Twitter LoginTests.release.xcconfig"; sourceTree = "<group>"; };
		6A8DF7C5852D3DF302DEC99F /* Pods_Twitter_LoginUITests.framework */ = {isa = PBXFileReference; explicitFileType = wrapper.framework; includeInIndex = 0; path = Pods_Twitter_LoginUITests.framework; sourceTree = BUILT_PRODUCTS_DIR; };
		78F26E0FB452CD078C19924F /* Pods-Twitter LoginUITests.release.xcconfig */ = {isa = PBXFileReference; includeInIndex = 1; lastKnownFileType = text.xcconfig; name = "Pods-Twitter LoginUITests.release.xcconfig"; path = "Pods/Target Support Files/Pods-Twitter LoginUITests/Pods-Twitter LoginUITests.release.xcconfig"; sourceTree = "<group>"; };
		8A8F2557F9FC2C3B5E52A808 /* Pods-Twitter LoginTests.debug.xcconfig */ = {isa = PBXFileReference; includeInIndex = 1; lastKnownFileType = text.xcconfig; name = "Pods-Twitter LoginTests.debug.xcconfig"; path = "Pods/Target Support Files/Pods-Twitter LoginTests/Pods-Twitter LoginTests.debug.xcconfig"; sourceTree = "<group>"; };
		B2ADF46C035A4CECD242408F /* Pods_Twitter_Login.framework */ = {isa = PBXFileReference; explicitFileType = wrapper.framework; includeInIndex = 0; path = Pods_Twitter_Login.framework; sourceTree = BUILT_PRODUCTS_DIR; };
		BAD7A56E214F904500C3E6AF /* Twitter Login.app */ = {isa = PBXFileReference; explicitFileType = wrapper.application; includeInIndex = 0; path = "Twitter Login.app"; sourceTree = BUILT_PRODUCTS_DIR; };
		BAD7A571214F904500C3E6AF /* AppDelegate.swift */ = {isa = PBXFileReference; lastKnownFileType = sourcecode.swift; path = AppDelegate.swift; sourceTree = "<group>"; };
		BAD7A578214F904500C3E6AF /* Assets.xcassets */ = {isa = PBXFileReference; lastKnownFileType = folder.assetcatalog; path = Assets.xcassets; sourceTree = "<group>"; };
		BAD7A57D214F904500C3E6AF /* Info.plist */ = {isa = PBXFileReference; lastKnownFileType = text.plist.xml; path = Info.plist; sourceTree = "<group>"; };
		BAD7A582214F904500C3E6AF /* Twitter LoginTests.xctest */ = {isa = PBXFileReference; explicitFileType = wrapper.cfbundle; includeInIndex = 0; path = "Twitter LoginTests.xctest"; sourceTree = BUILT_PRODUCTS_DIR; };
		BAD7A58D214F904500C3E6AF /* Twitter LoginUITests.xctest */ = {isa = PBXFileReference; explicitFileType = wrapper.cfbundle; includeInIndex = 0; path = "Twitter LoginUITests.xctest"; sourceTree = BUILT_PRODUCTS_DIR; };
		BAD7A5A8214FCB8900C3E6AF /* LoginViewController.swift */ = {isa = PBXFileReference; fileEncoding = 4; lastKnownFileType = sourcecode.swift; path = LoginViewController.swift; sourceTree = "<group>"; };
		BAD7A5A9214FCB8900C3E6AF /* LoginViewController.xib */ = {isa = PBXFileReference; fileEncoding = 4; lastKnownFileType = file.xib; path = LoginViewController.xib; sourceTree = "<group>"; };
		BAD7A5AC214FD8D700C3E6AF /* UserViewControllerViewController.swift */ = {isa = PBXFileReference; fileEncoding = 4; lastKnownFileType = sourcecode.swift; path = UserViewControllerViewController.swift; sourceTree = "<group>"; };
		BAD7A5AD214FD8D700C3E6AF /* UserViewControllerViewController.xib */ = {isa = PBXFileReference; fileEncoding = 4; lastKnownFileType = file.xib; path = UserViewControllerViewController.xib; sourceTree = "<group>"; };
		BAD7A5B02154082A00C3E6AF /* FriendListViewController.swift */ = {isa = PBXFileReference; fileEncoding = 4; lastKnownFileType = sourcecode.swift; path = FriendListViewController.swift; sourceTree = "<group>"; };
		BAD7A5B12154082A00C3E6AF /* FriendListViewController.xib */ = {isa = PBXFileReference; fileEncoding = 4; lastKnownFileType = file.xib; path = FriendListViewController.xib; sourceTree = "<group>"; };
		BAD7A5B4215408F700C3E6AF /* ListTableCellTableViewCell.swift */ = {isa = PBXFileReference; fileEncoding = 4; lastKnownFileType = sourcecode.swift; path = ListTableCellTableViewCell.swift; sourceTree = "<group>"; };
		BAD7A5B5215408F700C3E6AF /* ListTableCellTableViewCell.xib */ = {isa = PBXFileReference; fileEncoding = 4; lastKnownFileType = file.xib; path = ListTableCellTableViewCell.xib; sourceTree = "<group>"; };
		BAD7A5B82154F0F600C3E6AF /* AppInterface.swift */ = {isa = PBXFileReference; fileEncoding = 4; lastKnownFileType = sourcecode.swift; path = AppInterface.swift; sourceTree = "<group>"; };
		BAD7A5BA2155341200C3E6AF /* FollwerViewController.swift */ = {isa = PBXFileReference; fileEncoding = 4; lastKnownFileType = sourcecode.swift; path = FollwerViewController.swift; sourceTree = "<group>"; };
		BAD7A5BB2155341200C3E6AF /* FollwerViewController.xib */ = {isa = PBXFileReference; fileEncoding = 4; lastKnownFileType = file.xib; path = FollwerViewController.xib; sourceTree = "<group>"; };
		BAD7A5C021567D4B00C3E6AF /* Constants.swift */ = {isa = PBXFileReference; fileEncoding = 4; lastKnownFileType = sourcecode.swift; path = Constants.swift; sourceTree = "<group>"; };
		CE266A4A2557C862CB132B95 /* Pods-Twitter LoginUITests.debug.xcconfig */ = {isa = PBXFileReference; includeInIndex = 1; lastKnownFileType = text.xcconfig; name = "Pods-Twitter LoginUITests.debug.xcconfig"; path = "Pods/Target Support Files/Pods-Twitter LoginUITests/Pods-Twitter LoginUITests.debug.xcconfig"; sourceTree = "<group>"; };
		D50C0DC7C64560D8F5B61C56 /* Pods-Twitter Login.debug.xcconfig */ = {isa = PBXFileReference; includeInIndex = 1; lastKnownFileType = text.xcconfig; name = "Pods-Twitter Login.debug.xcconfig"; path = "Pods/Target Support Files/Pods-Twitter Login/Pods-Twitter Login.debug.xcconfig"; sourceTree = "<group>"; };
		EDE0BE8B531DCCB6C7E2A185 /* Pods-Twitter Login.release.xcconfig */ = {isa = PBXFileReference; includeInIndex = 1; lastKnownFileType = text.xcconfig; name = "Pods-Twitter Login.release.xcconfig"; path = "Pods/Target Support Files/Pods-Twitter Login/Pods-Twitter Login.release.xcconfig"; sourceTree = "<group>"; };
/* End PBXFileReference section */

/* Begin PBXFrameworksBuildPhase section */
		BAD7A56B214F904500C3E6AF /* Frameworks */ = {
			isa = PBXFrameworksBuildPhase;
			buildActionMask = 2147483647;
			files = (
				84B65594EF8A8387357F646E /* Pods_Twitter_Login.framework in Frameworks */,
			);
			runOnlyForDeploymentPostprocessing = 0;
		};
		BAD7A57F214F904500C3E6AF /* Frameworks */ = {
			isa = PBXFrameworksBuildPhase;
			buildActionMask = 2147483647;
			files = (
				EFE6237EA6200EFD1C271503 /* Pods_Twitter_LoginTests.framework in Frameworks */,
			);
			runOnlyForDeploymentPostprocessing = 0;
		};
		BAD7A58A214F904500C3E6AF /* Frameworks */ = {
			isa = PBXFrameworksBuildPhase;
			buildActionMask = 2147483647;
			files = (
				E0E1A591B9140949CBD9DFEE /* Pods_Twitter_LoginUITests.framework in Frameworks */,
			);
			runOnlyForDeploymentPostprocessing = 0;
		};
/* End PBXFrameworksBuildPhase section */

/* Begin PBXGroup section */
		2744D99903F4CE7C35E80824 /* Pods */ = {
			isa = PBXGroup;
			children = (
				D50C0DC7C64560D8F5B61C56 /* Pods-Twitter Login.debug.xcconfig */,
				EDE0BE8B531DCCB6C7E2A185 /* Pods-Twitter Login.release.xcconfig */,
				8A8F2557F9FC2C3B5E52A808 /* Pods-Twitter LoginTests.debug.xcconfig */,
				48D54FAEE5B66825C0D84491 /* Pods-Twitter LoginTests.release.xcconfig */,
				CE266A4A2557C862CB132B95 /* Pods-Twitter LoginUITests.debug.xcconfig */,
				78F26E0FB452CD078C19924F /* Pods-Twitter LoginUITests.release.xcconfig */,
			);
			name = Pods;
			sourceTree = "<group>";
		};
		8EF9324D61529B30B8524F2E /* Frameworks */ = {
			isa = PBXGroup;
			children = (
				B2ADF46C035A4CECD242408F /* Pods_Twitter_Login.framework */,
				1EE5AD937814B451F9C59F32 /* Pods_Twitter_LoginTests.framework */,
				6A8DF7C5852D3DF302DEC99F /* Pods_Twitter_LoginUITests.framework */,
			);
			name = Frameworks;
			sourceTree = "<group>";
		};
		BAD7A565214F904500C3E6AF = {
			isa = PBXGroup;
			children = (
				BAD7A570214F904500C3E6AF /* Twitter Login */,
				BAD7A56F214F904500C3E6AF /* Products */,
				8EF9324D61529B30B8524F2E /* Frameworks */,
				2744D99903F4CE7C35E80824 /* Pods */,
			);
			sourceTree = "<group>";
		};
		BAD7A56F214F904500C3E6AF /* Products */ = {
			isa = PBXGroup;
			children = (
				BAD7A56E214F904500C3E6AF /* Twitter Login.app */,
				BAD7A582214F904500C3E6AF /* Twitter LoginTests.xctest */,
				BAD7A58D214F904500C3E6AF /* Twitter LoginUITests.xctest */,
			);
			name = Products;
			sourceTree = "<group>";
		};
		BAD7A570214F904500C3E6AF /* Twitter Login */ = {
			isa = PBXGroup;
			children = (
				BAD7A5C5215684CD00C3E6AF /* TableCell */,
				BAD7A5C42156849E00C3E6AF /* ViewControllers */,
				BAD7A5C32156848100C3E6AF /* Network */,
				BAD7A5C22156846000C3E6AF /* Common */,
				BAD7A571214F904500C3E6AF /* AppDelegate.swift */,
				BAD7A578214F904500C3E6AF /* Assets.xcassets */,
				BAD7A57D214F904500C3E6AF /* Info.plist */,
			);
			path = "Twitter Login";
			sourceTree = "<group>";
		};
		BAD7A5C22156846000C3E6AF /* Common */ = {
			isa = PBXGroup;
			children = (
				BAD7A5C021567D4B00C3E6AF /* Constants.swift */,
			);
			name = Common;
			sourceTree = "<group>";
		};
		BAD7A5C32156848100C3E6AF /* Network */ = {
			isa = PBXGroup;
			children = (
				BAD7A5B82154F0F600C3E6AF /* AppInterface.swift */,
			);
			name = Network;
			sourceTree = "<group>";
		};
		BAD7A5C42156849E00C3E6AF /* ViewControllers */ = {
			isa = PBXGroup;
			children = (
				BAD7A5A8214FCB8900C3E6AF /* LoginViewController.swift */,
				BAD7A5A9214FCB8900C3E6AF /* LoginViewController.xib */,
				BAD7A5AC214FD8D700C3E6AF /* UserViewControllerViewController.swift */,
				BAD7A5AD214FD8D700C3E6AF /* UserViewControllerViewController.xib */,
				BAD7A5BA2155341200C3E6AF /* FollwerViewController.swift */,
				BAD7A5BB2155341200C3E6AF /* FollwerViewController.xib */,
				BAD7A5B02154082A00C3E6AF /* FriendListViewController.swift */,
				BAD7A5B12154082A00C3E6AF /* FriendListViewController.xib */,
			);
			name = ViewControllers;
			sourceTree = "<group>";
		};
		BAD7A5C5215684CD00C3E6AF /* TableCell */ = {
			isa = PBXGroup;
			children = (
				BAD7A5B4215408F700C3E6AF /* ListTableCellTableViewCell.swift */,
				BAD7A5B5215408F700C3E6AF /* ListTableCellTableViewCell.xib */,
			);
			name = TableCell;
			sourceTree = "<group>";
		};
/* End PBXGroup section */

/* Begin PBXNativeTarget section */
		BAD7A56D214F904500C3E6AF /* Twitter Login */ = {
			isa = PBXNativeTarget;
			buildConfigurationList = BAD7A596214F904500C3E6AF /* Build configuration list for PBXNativeTarget "Twitter Login" */;
			buildPhases = (
				091A67EC22C28A4F7D01FE97 /* [CP] Check Pods Manifest.lock */,
				BAD7A56A214F904500C3E6AF /* Sources */,
				BAD7A56B214F904500C3E6AF /* Frameworks */,
				BAD7A56C214F904500C3E6AF /* Resources */,
				E1858657985A228DE3C8416A /* [CP] Embed Pods Frameworks */,
				FB24D617C84FEEF40435C3C3 /* [CP] Copy Pods Resources */,
			);
			buildRules = (
			);
			dependencies = (
			);
			name = "Twitter Login";
			productName = "Twitter Login";
			productReference = BAD7A56E214F904500C3E6AF /* Twitter Login.app */;
			productType = "com.apple.product-type.application";
		};
		BAD7A581214F904500C3E6AF /* Twitter LoginTests */ = {
			isa = PBXNativeTarget;
			buildConfigurationList = BAD7A599214F904500C3E6AF /* Build configuration list for PBXNativeTarget "Twitter LoginTests" */;
			buildPhases = (
				33D85213DDAFB3D96D94CB91 /* [CP] Check Pods Manifest.lock */,
				BAD7A57E214F904500C3E6AF /* Sources */,
				BAD7A57F214F904500C3E6AF /* Frameworks */,
				BAD7A580214F904500C3E6AF /* Resources */,
			);
			buildRules = (
			);
			dependencies = (
				BAD7A584214F904500C3E6AF /* PBXTargetDependency */,
			);
			name = "Twitter LoginTests";
			productName = "Twitter LoginTests";
			productReference = BAD7A582214F904500C3E6AF /* Twitter LoginTests.xctest */;
			productType = "com.apple.product-type.bundle.unit-test";
		};
		BAD7A58C214F904500C3E6AF /* Twitter LoginUITests */ = {
			isa = PBXNativeTarget;
			buildConfigurationList = BAD7A59C214F904500C3E6AF /* Build configuration list for PBXNativeTarget "Twitter LoginUITests" */;
			buildPhases = (
				32D2060E437971F26734B844 /* [CP] Check Pods Manifest.lock */,
				BAD7A589214F904500C3E6AF /* Sources */,
				BAD7A58A214F904500C3E6AF /* Frameworks */,
				BAD7A58B214F904500C3E6AF /* Resources */,
			);
			buildRules = (
			);
			dependencies = (
				BAD7A58F214F904500C3E6AF /* PBXTargetDependency */,
			);
			name = "Twitter LoginUITests";
			productName = "Twitter LoginUITests";
			productReference = BAD7A58D214F904500C3E6AF /* Twitter LoginUITests.xctest */;
			productType = "com.apple.product-type.bundle.ui-testing";
		};
/* End PBXNativeTarget section */

/* Begin PBXProject section */
		BAD7A566214F904500C3E6AF /* Project object */ = {
			isa = PBXProject;
			attributes = {
				LastSwiftUpdateCheck = 0730;
				LastUpgradeCheck = 0730;
				ORGANIZATIONNAME = "Rasika Patil";
				TargetAttributes = {
					BAD7A56D214F904500C3E6AF = {
						CreatedOnToolsVersion = 7.3;
					};
					BAD7A581214F904500C3E6AF = {
						CreatedOnToolsVersion = 7.3;
						TestTargetID = BAD7A56D214F904500C3E6AF;
					};
					BAD7A58C214F904500C3E6AF = {
						CreatedOnToolsVersion = 7.3;
						TestTargetID = BAD7A56D214F904500C3E6AF;
					};
				};
			};
			buildConfigurationList = BAD7A569214F904500C3E6AF /* Build configuration list for PBXProject "Twitter Login" */;
			compatibilityVersion = "Xcode 3.2";
			developmentRegion = English;
			hasScannedForEncodings = 0;
			knownRegions = (
				en,
				Base,
			);
			mainGroup = BAD7A565214F904500C3E6AF;
			productRefGroup = BAD7A56F214F904500C3E6AF /* Products */;
			projectDirPath = "";
			projectRoot = "";
			targets = (
				BAD7A56D214F904500C3E6AF /* Twitter Login */,
				BAD7A581214F904500C3E6AF /* Twitter LoginTests */,
				BAD7A58C214F904500C3E6AF /* Twitter LoginUITests */,
			);
		};
/* End PBXProject section */

/* Begin PBXResourcesBuildPhase section */
		BAD7A56C214F904500C3E6AF /* Resources */ = {
			isa = PBXResourcesBuildPhase;
			buildActionMask = 2147483647;
			files = (
				BAD7A5B32154082A00C3E6AF /* FriendListViewController.xib in Resources */,
				BAD7A579214F904500C3E6AF /* Assets.xcassets in Resources */,
				BAD7A5BD2155341200C3E6AF /* FollwerViewController.xib in Resources */,
				BAD7A5B7215408F700C3E6AF /* ListTableCellTableViewCell.xib in Resources */,
				BAD7A5AB214FCB8900C3E6AF /* LoginViewController.xib in Resources */,
				BAD7A5AF214FD8D700C3E6AF /* UserViewControllerViewController.xib in Resources */,
			);
			runOnlyForDeploymentPostprocessing = 0;
		};
		BAD7A580214F904500C3E6AF /* Resources */ = {
			isa = PBXResourcesBuildPhase;
			buildActionMask = 2147483647;
			files = (
			);
			runOnlyForDeploymentPostprocessing = 0;
		};
		BAD7A58B214F904500C3E6AF /* Resources */ = {
			isa = PBXResourcesBuildPhase;
			buildActionMask = 2147483647;
			files = (
			);
			runOnlyForDeploymentPostprocessing = 0;
		};
/* End PBXResourcesBuildPhase section */

/* Begin PBXShellScriptBuildPhase section */
		091A67EC22C28A4F7D01FE97 /* [CP] Check Pods Manifest.lock */ = {
			isa = PBXShellScriptBuildPhase;
			buildActionMask = 2147483647;
			files = (
			);
			inputPaths = (
				"${PODS_PODFILE_DIR_PATH}/Podfile.lock",
				"${PODS_ROOT}/Manifest.lock",
			);
			name = "[CP] Check Pods Manifest.lock";
			outputPaths = (
				"$(DERIVED_FILE_DIR)/Pods-Twitter Login-checkManifestLockResult.txt",
			);
			runOnlyForDeploymentPostprocessing = 0;
			shellPath = /bin/sh;
			shellScript = "diff \"${PODS_PODFILE_DIR_PATH}/Podfile.lock\" \"${PODS_ROOT}/Manifest.lock\" > /dev/null\nif [ $? != 0 ] ; then\n    # print error to STDERR\n    echo \"error: The sandbox is not in sync with the Podfile.lock. Run 'pod install' or update your CocoaPods installation.\" >&2\n    exit 1\nfi\n# This output is used by Xcode 'outputs' to avoid re-running this script phase.\necho \"SUCCESS\" > \"${SCRIPT_OUTPUT_FILE_0}\"\n";
			showEnvVarsInLog = 0;
		};
		32D2060E437971F26734B844 /* [CP] Check Pods Manifest.lock */ = {
			isa = PBXShellScriptBuildPhase;
			buildActionMask = 2147483647;
			files = (
			);
			inputPaths = (
				"${PODS_PODFILE_DIR_PATH}/Podfile.lock",
				"${PODS_ROOT}/Manifest.lock",
			);
			name = "[CP] Check Pods Manifest.lock";
			outputPaths = (
				"$(DERIVED_FILE_DIR)/Pods-Twitter LoginUITests-checkManifestLockResult.txt",
			);
			runOnlyForDeploymentPostprocessing = 0;
			shellPath = /bin/sh;
			shellScript = "diff \"${PODS_PODFILE_DIR_PATH}/Podfile.lock\" \"${PODS_ROOT}/Manifest.lock\" > /dev/null\nif [ $? != 0 ] ; then\n    # print error to STDERR\n    echo \"error: The sandbox is not in sync with the Podfile.lock. Run 'pod install' or update your CocoaPods installation.\" >&2\n    exit 1\nfi\n# This output is used by Xcode 'outputs' to avoid re-running this script phase.\necho \"SUCCESS\" > \"${SCRIPT_OUTPUT_FILE_0}\"\n";
			showEnvVarsInLog = 0;
		};
		33D85213DDAFB3D96D94CB91 /* [CP] Check Pods Manifest.lock */ = {
			isa = PBXShellScriptBuildPhase;
			buildActionMask = 2147483647;
			files = (
			);
			inputPaths = (
				"${PODS_PODFILE_DIR_PATH}/Podfile.lock",
				"${PODS_ROOT}/Manifest.lock",
			);
			name = "[CP] Check Pods Manifest.lock";
			outputPaths = (
				"$(DERIVED_FILE_DIR)/Pods-Twitter LoginTests-checkManifestLockResult.txt",
			);
			runOnlyForDeploymentPostprocessing = 0;
			shellPath = /bin/sh;
			shellScript = "diff \"${PODS_PODFILE_DIR_PATH}/Podfile.lock\" \"${PODS_ROOT}/Manifest.lock\" > /dev/null\nif [ $? != 0 ] ; then\n    # print error to STDERR\n    echo \"error: The sandbox is not in sync with the Podfile.lock. Run 'pod install' or update your CocoaPods installation.\" >&2\n    exit 1\nfi\n# This output is used by Xcode 'outputs' to avoid re-running this script phase.\necho \"SUCCESS\" > \"${SCRIPT_OUTPUT_FILE_0}\"\n";
			showEnvVarsInLog = 0;
		};
		E1858657985A228DE3C8416A /* [CP] Embed Pods Frameworks */ = {
			isa = PBXShellScriptBuildPhase;
			buildActionMask = 2147483647;
			files = (
			);
			inputPaths = (
				"${SRCROOT}/Pods/Target Support Files/Pods-Twitter Login/Pods-Twitter Login-frameworks.sh",
				"${PODS_ROOT}/TwitterCore/iOS/TwitterCore.framework",
				"${PODS_ROOT}/TwitterKit/iOS/TwitterKit.framework",
			);
			name = "[CP] Embed Pods Frameworks";
			outputPaths = (
				"${TARGET_BUILD_DIR}/${FRAMEWORKS_FOLDER_PATH}/TwitterCore.framework",
				"${TARGET_BUILD_DIR}/${FRAMEWORKS_FOLDER_PATH}/TwitterKit.framework",
			);
			runOnlyForDeploymentPostprocessing = 0;
			shellPath = /bin/sh;
			shellScript = "\"${SRCROOT}/Pods/Target Support Files/Pods-Twitter Login/Pods-Twitter Login-frameworks.sh\"\n";
			showEnvVarsInLog = 0;
		};
		FB24D617C84FEEF40435C3C3 /* [CP] Copy Pods Resources */ = {
			isa = PBXShellScriptBuildPhase;
			buildActionMask = 2147483647;
			files = (
			);
			inputPaths = (
				"${SRCROOT}/Pods/Target Support Files/Pods-Twitter Login/Pods-Twitter Login-resources.sh",
				"${PODS_ROOT}/TwitterKit/iOS/TwitterKit.framework/TwitterKitResources.bundle",
			);
			name = "[CP] Copy Pods Resources";
			outputPaths = (
				"${TARGET_BUILD_DIR}/${UNLOCALIZED_RESOURCES_FOLDER_PATH}/TwitterKitResources.bundle",
			);
			runOnlyForDeploymentPostprocessing = 0;
			shellPath = /bin/sh;
			shellScript = "\"${SRCROOT}/Pods/Target Support Files/Pods-Twitter Login/Pods-Twitter Login-resources.sh\"\n";
			showEnvVarsInLog = 0;
		};
/* End PBXShellScriptBuildPhase section */

/* Begin PBXSourcesBuildPhase section */
		BAD7A56A214F904500C3E6AF /* Sources */ = {
			isa = PBXSourcesBuildPhase;
			buildActionMask = 2147483647;
			files = (
				BAD7A5B22154082A00C3E6AF /* FriendListViewController.swift in Sources */,
				BAD7A5B92154F0F600C3E6AF /* AppInterface.swift in Sources */,
				BAD7A5AA214FCB8900C3E6AF /* LoginViewController.swift in Sources */,
				BAD7A5BC2155341200C3E6AF /* FollwerViewController.swift in Sources */,
				BAD7A5B6215408F700C3E6AF /* ListTableCellTableViewCell.swift in Sources */,
				BAD7A5AE214FD8D700C3E6AF /* UserViewControllerViewController.swift in Sources */,
				BAD7A572214F904500C3E6AF /* AppDelegate.swift in Sources */,
				BAD7A5C121567D4B00C3E6AF /* Constants.swift in Sources */,
			);
			runOnlyForDeploymentPostprocessing = 0;
		};
		BAD7A57E214F904500C3E6AF /* Sources */ = {
			isa = PBXSourcesBuildPhase;
			buildActionMask = 2147483647;
			files = (
			);
			runOnlyForDeploymentPostprocessing = 0;
		};
		BAD7A589214F904500C3E6AF /* Sources */ = {
			isa = PBXSourcesBuildPhase;
			buildActionMask = 2147483647;
			files = (
			);
			runOnlyForDeploymentPostprocessing = 0;
		};
/* End PBXSourcesBuildPhase section */

/* Begin PBXTargetDependency section */
		BAD7A584214F904500C3E6AF /* PBXTargetDependency */ = {
			isa = PBXTargetDependency;
			target = BAD7A56D214F904500C3E6AF /* Twitter Login */;
			targetProxy = BAD7A583214F904500C3E6AF /* PBXContainerItemProxy */;
		};
		BAD7A58F214F904500C3E6AF /* PBXTargetDependency */ = {
			isa = PBXTargetDependency;
			target = BAD7A56D214F904500C3E6AF /* Twitter Login */;
			targetProxy = BAD7A58E214F904500C3E6AF /* PBXContainerItemProxy */;
		};
/* End PBXTargetDependency section */

/* Begin XCBuildConfiguration section */
		BAD7A594214F904500C3E6AF /* Debug */ = {
			isa = XCBuildConfiguration;
			buildSettings = {
				ALWAYS_SEARCH_USER_PATHS = NO;
				CLANG_ANALYZER_NONNULL = YES;
				CLANG_CXX_LANGUAGE_STANDARD = "gnu++0x";
				CLANG_CXX_LIBRARY = "libc++";
				CLANG_ENABLE_MODULES = YES;
				CLANG_ENABLE_OBJC_ARC = YES;
				CLANG_WARN_BOOL_CONVERSION = YES;
				CLANG_WARN_CONSTANT_CONVERSION = YES;
				CLANG_WARN_DIRECT_OBJC_ISA_USAGE = YES_ERROR;
				CLANG_WARN_EMPTY_BODY = YES;
				CLANG_WARN_ENUM_CONVERSION = YES;
				CLANG_WARN_INT_CONVERSION = YES;
				CLANG_WARN_OBJC_ROOT_CLASS = YES_ERROR;
				CLANG_WARN_UNREACHABLE_CODE = YES;
				CLANG_WARN__DUPLICATE_METHOD_MATCH = YES;
				"CODE_SIGN_IDENTITY[sdk=iphoneos*]" = "iPhone Developer";
				COPY_PHASE_STRIP = NO;
				DEBUG_INFORMATION_FORMAT = dwarf;
				ENABLE_STRICT_OBJC_MSGSEND = YES;
				ENABLE_TESTABILITY = YES;
				GCC_C_LANGUAGE_STANDARD = gnu99;
				GCC_DYNAMIC_NO_PIC = NO;
				GCC_NO_COMMON_BLOCKS = YES;
				GCC_OPTIMIZATION_LEVEL = 0;
				GCC_PREPROCESSOR_DEFINITIONS = (
					"DEBUG=1",
					"$(inherited)",
				);
				GCC_WARN_64_TO_32_BIT_CONVERSION = YES;
				GCC_WARN_ABOUT_RETURN_TYPE = YES_ERROR;
				GCC_WARN_UNDECLARED_SELECTOR = YES;
				GCC_WARN_UNINITIALIZED_AUTOS = YES_AGGRESSIVE;
				GCC_WARN_UNUSED_FUNCTION = YES;
				GCC_WARN_UNUSED_VARIABLE = YES;
				IPHONEOS_DEPLOYMENT_TARGET = 9.3;
				MTL_ENABLE_DEBUG_INFO = YES;
				ONLY_ACTIVE_ARCH = YES;
				SDKROOT = iphoneos;
				SWIFT_OPTIMIZATION_LEVEL = "-Onone";
			};
			name = Debug;
		};
		BAD7A595214F904500C3E6AF /* Release */ = {
			isa = XCBuildConfiguration;
			buildSettings = {
				ALWAYS_SEARCH_USER_PATHS = NO;
				CLANG_ANALYZER_NONNULL = YES;
				CLANG_CXX_LANGUAGE_STANDARD = "gnu++0x";
				CLANG_CXX_LIBRARY = "libc++";
				CLANG_ENABLE_MODULES = YES;
				CLANG_ENABLE_OBJC_ARC = YES;
				CLANG_WARN_BOOL_CONVERSION = YES;
				CLANG_WARN_CONSTANT_CONVERSION = YES;
				CLANG_WARN_DIRECT_OBJC_ISA_USAGE = YES_ERROR;
				CLANG_WARN_EMPTY_BODY = YES;
				CLANG_WARN_ENUM_CONVERSION = YES;
				CLANG_WARN_INT_CONVERSION = YES;
				CLANG_WARN_OBJC_ROOT_CLASS = YES_ERROR;
				CLANG_WARN_UNREACHABLE_CODE = YES;
				CLANG_WARN__DUPLICATE_METHOD_MATCH = YES;
				"CODE_SIGN_IDENTITY[sdk=iphoneos*]" = "iPhone Developer";
				COPY_PHASE_STRIP = NO;
				DEBUG_INFORMATION_FORMAT = "dwarf-with-dsym";
				ENABLE_NS_ASSERTIONS = NO;
				ENABLE_STRICT_OBJC_MSGSEND = YES;
				GCC_C_LANGUAGE_STANDARD = gnu99;
				GCC_NO_COMMON_BLOCKS = YES;
				GCC_WARN_64_TO_32_BIT_CONVERSION = YES;
				GCC_WARN_ABOUT_RETURN_TYPE = YES_ERROR;
				GCC_WARN_UNDECLARED_SELECTOR = YES;
				GCC_WARN_UNINITIALIZED_AUTOS = YES_AGGRESSIVE;
				GCC_WARN_UNUSED_FUNCTION = YES;
				GCC_WARN_UNUSED_VARIABLE = YES;
				IPHONEOS_DEPLOYMENT_TARGET = 9.3;
				MTL_ENABLE_DEBUG_INFO = NO;
				SDKROOT = iphoneos;
				VALIDATE_PRODUCT = YES;
			};
			name = Release;
		};
		BAD7A597214F904500C3E6AF /* Debug */ = {
			isa = XCBuildConfiguration;
			baseConfigurationReference = D50C0DC7C64560D8F5B61C56 /* Pods-Twitter Login.debug.xcconfig */;
			buildSettings = {
				ASSETCATALOG_COMPILER_APPICON_NAME = AppIcon;
				INFOPLIST_FILE = "Twitter Login/Info.plist";
				LD_RUNPATH_SEARCH_PATHS = "$(inherited) @executable_path/Frameworks";
				PRODUCT_BUNDLE_IDENTIFIER = "Rasika.Twitter-Login";
				PRODUCT_NAME = "$(TARGET_NAME)";
			};
			name = Debug;
		};
		BAD7A598214F904500C3E6AF /* Release */ = {
			isa = XCBuildConfiguration;
			baseConfigurationReference = EDE0BE8B531DCCB6C7E2A185 /* Pods-Twitter Login.release.xcconfig */;
			buildSettings = {
				ASSETCATALOG_COMPILER_APPICON_NAME = AppIcon;
				INFOPLIST_FILE = "Twitter Login/Info.plist";
				LD_RUNPATH_SEARCH_PATHS = "$(inherited) @executable_path/Frameworks";
				PRODUCT_BUNDLE_IDENTIFIER = "Rasika.Twitter-Login";
				PRODUCT_NAME = "$(TARGET_NAME)";
			};
			name = Release;
		};
		BAD7A59A214F904500C3E6AF /* Debug */ = {
			isa = XCBuildConfiguration;
			baseConfigurationReference = 8A8F2557F9FC2C3B5E52A808 /* Pods-Twitter LoginTests.debug.xcconfig */;
			buildSettings = {
				BUNDLE_LOADER = "$(TEST_HOST)";
				INFOPLIST_FILE = "Twitter LoginTests/Info.plist";
				LD_RUNPATH_SEARCH_PATHS = "$(inherited) @executable_path/Frameworks @loader_path/Frameworks";
				PRODUCT_BUNDLE_IDENTIFIER = "Rasika.Twitter-LoginTests";
				PRODUCT_NAME = "$(TARGET_NAME)";
				TEST_HOST = "$(BUILT_PRODUCTS_DIR)/Twitter Login.app/Twitter Login";
			};
			name = Debug;
		};
		BAD7A59B214F904500C3E6AF /* Release */ = {
			isa = XCBuildConfiguration;
			baseConfigurationReference = 48D54FAEE5B66825C0D84491 /* Pods-Twitter LoginTests.release.xcconfig */;
			buildSettings = {
				BUNDLE_LOADER = "$(TEST_HOST)";
				INFOPLIST_FILE = "Twitter LoginTests/Info.plist";
				LD_RUNPATH_SEARCH_PATHS = "$(inherited) @executable_path/Frameworks @loader_path/Frameworks";
				PRODUCT_BUNDLE_IDENTIFIER = "Rasika.Twitter-LoginTests";
				PRODUCT_NAME = "$(TARGET_NAME)";
				TEST_HOST = "$(BUILT_PRODUCTS_DIR)/Twitter Login.app/Twitter Login";
			};
			name = Release;
		};
		BAD7A59D214F904500C3E6AF /* Debug */ = {
			isa = XCBuildConfiguration;
			baseConfigurationReference = CE266A4A2557C862CB132B95 /* Pods-Twitter LoginUITests.debug.xcconfig */;
			buildSettings = {
				INFOPLIST_FILE = "Twitter LoginUITests/Info.plist";
				LD_RUNPATH_SEARCH_PATHS = "$(inherited) @executable_path/Frameworks @loader_path/Frameworks";
				PRODUCT_BUNDLE_IDENTIFIER = "Rasika.Twitter-LoginUITests";
				PRODUCT_NAME = "$(TARGET_NAME)";
				TEST_TARGET_NAME = "Twitter Login";
			};
			name = Debug;
		};
		BAD7A59E214F904500C3E6AF /* Release */ = {
			isa = XCBuildConfiguration;
			baseConfigurationReference = 78F26E0FB452CD078C19924F /* Pods-Twitter LoginUITests.release.xcconfig */;
			buildSettings = {
				INFOPLIST_FILE = "Twitter LoginUITests/Info.plist";
				LD_RUNPATH_SEARCH_PATHS = "$(inherited) @executable_path/Frameworks @loader_path/Frameworks";
				PRODUCT_BUNDLE_IDENTIFIER = "Rasika.Twitter-LoginUITests";
				PRODUCT_NAME = "$(TARGET_NAME)";
				TEST_TARGET_NAME = "Twitter Login";
			};
			name = Release;
		};
/* End XCBuildConfiguration section */

/* Begin XCConfigurationList section */
		BAD7A569214F904500C3E6AF /* Build configuration list for PBXProject "Twitter Login" */ = {
			isa = XCConfigurationList;
			buildConfigurations = (
				BAD7A594214F904500C3E6AF /* Debug */,
				BAD7A595214F904500C3E6AF /* Release */,
			);
			defaultConfigurationIsVisible = 0;
			defaultConfigurationName = Release;
		};
		BAD7A596214F904500C3E6AF /* Build configuration list for PBXNativeTarget "Twitter Login" */ = {
			isa = XCConfigurationList;
			buildConfigurations = (
				BAD7A597214F904500C3E6AF /* Debug */,
				BAD7A598214F904500C3E6AF /* Release */,
			);
			defaultConfigurationIsVisible = 0;
			defaultConfigurationName = Release;
		};
		BAD7A599214F904500C3E6AF /* Build configuration list for PBXNativeTarget "Twitter LoginTests" */ = {
			isa = XCConfigurationList;
			buildConfigurations = (
				BAD7A59A214F904500C3E6AF /* Debug */,
				BAD7A59B214F904500C3E6AF /* Release */,
			);
			defaultConfigurationIsVisible = 0;
			defaultConfigurationName = Release;
		};
		BAD7A59C214F904500C3E6AF /* Build configuration list for PBXNativeTarget "Twitter LoginUITests" */ = {
			isa = XCConfigurationList;
			buildConfigurations = (
				BAD7A59D214F904500C3E6AF /* Debug */,
				BAD7A59E214F904500C3E6AF /* Release */,
			);
			defaultConfigurationIsVisible = 0;
			defaultConfigurationName = Release;
		};
/* End XCConfigurationList section */
	};
	rootObject = BAD7A566214F904500C3E6AF /* Project object */;
}
