// !$*UTF8*$!
{
	archiveVersion = 1;
	classes = {
	};
	objectVersion = 46;
	objects = {

/* Begin PBXBuildFile section */
		BAD7A572214F904500C3E6AF /* AppDelegate.swift in Sources */ = {isa = PBXBuildFile; fileRef = BAD7A571214F904500C3E6AF /* AppDelegate.swift */; };
		BAD7A574214F904500C3E6AF /* ViewController.swift in Sources */ = {isa = PBXBuildFile; fileRef = BAD7A573214F904500C3E6AF /* ViewController.swift */; };
		BAD7A577214F904500C3E6AF /* Main.storyboard in Resources */ = {isa = PBXBuildFile; fileRef = BAD7A575214F904500C3E6AF /* Main.storyboard */; };
		BAD7A579214F904500C3E6AF /* Assets.xcassets in Resources */ = {isa = PBXBuildFile; fileRef = BAD7A578214F904500C3E6AF /* Assets.xcassets */; };
		BAD7A57C214F904500C3E6AF /* LaunchScreen.storyboard in Resources */ = {isa = PBXBuildFile; fileRef = BAD7A57A214F904500C3E6AF /* LaunchScreen.storyboard */; };
		BAD7A587214F904500C3E6AF /* Twitter_LoginTests.swift in Sources */ = {isa = PBXBuildFile; fileRef = BAD7A586214F904500C3E6AF /* Twitter_LoginTests.swift */; };
		BAD7A592214F904500C3E6AF /* Twitter_LoginUITests.swift in Sources */ = {isa = PBXBuildFile; fileRef = BAD7A591214F904500C3E6AF /* Twitter_LoginUITests.swift */; };
/* End PBXBuildFile section */

/* Begin PBXContainerItemProxy section */
		BAD7A583214F904500C3E6AF /* PBXContainerItemProxy */ = {
			isa = PBXContainerItemProxy;
			containerPortal = BAD7A566214F904500C3E6AF /* Project object */;
			proxyType = 1;
			remoteGlobalIDString = BAD7A56D214F904500C3E6AF;
			remoteInfo = "Twitter Login";
		};
		BAD7A58E214F904500C3E6AF /* PBXContainerItemProxy */ = {
			isa = PBXContainerItemProxy;
			containerPortal = BAD7A566214F904500C3E6AF /* Project object */;
			proxyType = 1;
			remoteGlobalIDString = BAD7A56D214F904500C3E6AF;
			remoteInfo = "Twitter Login";
		};
/* End PBXContainerItemProxy section */

/* Begin PBXFileReference section */
		BAD7A56E214F904500C3E6AF /* Twitter Login.app */ = {isa = PBXFileReference; explicitFileType = wrapper.application; includeInIndex = 0; path = "Twitter Login.app"; sourceTree = BUILT_PRODUCTS_DIR; };
		BAD7A571214F904500C3E6AF /* AppDelegate.swift */ = {isa = PBXFileReference; lastKnownFileType = sourcecode.swift; path = AppDelegate.swift; sourceTree = "<group>"; };
		BAD7A573214F904500C3E6AF /* ViewController.swift */ = {isa = PBXFileReference; lastKnownFileType = sourcecode.swift; path = ViewController.swift; sourceTree = "<group>"; };
		BAD7A576214F904500C3E6AF /* Base */ = {isa = PBXFileReference; lastKnownFileType = file.storyboard; name = Base; path = Base.lproj/Main.storyboard; sourceTree = "<group>"; };
		BAD7A578214F904500C3E6AF /* Assets.xcassets */ = {isa = PBXFileReference; lastKnownFileType = folder.assetcatalog; path = Assets.xcassets; sourceTree = "<group>"; };
		BAD7A57B214F904500C3E6AF /* Base */ = {isa = PBXFileReference; lastKnownFileType = file.storyboard; name = Base; path = Base.lproj/LaunchScreen.storyboard; sourceTree = "<group>"; };
		BAD7A57D214F904500C3E6AF /* Info.plist */ = {isa = PBXFileReference; lastKnownFileType = text.plist.xml; path = Info.plist; sourceTree = "<group>"; };
		BAD7A582214F904500C3E6AF /* Twitter LoginTests.xctest */ = {isa = PBXFileReference; explicitFileType = wrapper.cfbundle; includeInIndex = 0; path = "Twitter LoginTests.xctest"; sourceTree = BUILT_PRODUCTS_DIR; };
		BAD7A586214F904500C3E6AF /* Twitter_LoginTests.swift */ = {isa = PBXFileReference; lastKnownFileType = sourcecode.swift; path = Twitter_LoginTests.swift; sourceTree = "<group>"; };
		BAD7A588214F904500C3E6AF /* Info.plist */ = {isa = PBXFileReference; lastKnownFileType = text.plist.xml; path = Info.plist; sourceTree = "<group>"; };
		BAD7A58D214F904500C3E6AF /* Twitter LoginUITests.xctest */ = {isa = PBXFileReference; explicitFileType = wrapper.cfbundle; includeInIndex = 0; path = "Twitter LoginUITests.xctest"; sourceTree = BUILT_PRODUCTS_DIR; };
		BAD7A591214F904500C3E6AF /* Twitter_LoginUITests.swift */ = {isa = PBXFileReference; lastKnownFileType = sourcecode.swift; path = Twitter_LoginUITests.swift; sourceTree = "<group>"; };
		BAD7A593214F904500C3E6AF /* Info.plist */ = {isa = PBXFileReference; lastKnownFileType = text.plist.xml; path = Info.plist; sourceTree = "<group>"; };
/* End PBXFileReference section */

/* Begin PBXFrameworksBuildPhase section */
		BAD7A56B214F904500C3E6AF /* Frameworks */ = {
			isa = PBXFrameworksBuildPhase;
			buildActionMask = 2147483647;
			files = (
			);
			runOnlyForDeploymentPostprocessing = 0;
		};
		BAD7A57F214F904500C3E6AF /* Frameworks */ = {
			isa = PBXFrameworksBuildPhase;
			buildActionMask = 2147483647;
			files = (
			);
			runOnlyForDeploymentPostprocessing = 0;
		};
		BAD7A58A214F904500C3E6AF /* Frameworks */ = {
			isa = PBXFrameworksBuildPhase;
			buildActionMask = 2147483647;
			files = (
			);
			runOnlyForDeploymentPostprocessing = 0;
		};
/* End PBXFrameworksBuildPhase section */

/* Begin PBXGroup section */
		BAD7A565214F904500C3E6AF = {
			isa = PBXGroup;
			children = (
				BAD7A570214F904500C3E6AF /* Twitter Login */,
				BAD7A585214F904500C3E6AF /* Twitter LoginTests */,
				BAD7A590214F904500C3E6AF /* Twitter LoginUITests */,
				BAD7A56F214F904500C3E6AF /* Products */,
			);
			sourceTree = "<group>";
		};
		BAD7A56F214F904500C3E6AF /* Products */ = {
			isa = PBXGroup;
			children = (
				BAD7A56E214F904500C3E6AF /* Twitter Login.app */,
				BAD7A582214F904500C3E6AF /* Twitter LoginTests.xctest */,
				BAD7A58D214F904500C3E6AF /* Twitter LoginUITests.xctest */,
			);
			name = Products;
			sourceTree = "<group>";
		};
		BAD7A570214F904500C3E6AF /* Twitter Login */ = {
			isa = PBXGroup;
			children = (
				BAD7A571214F904500C3E6AF /* AppDelegate.swift */,
				BAD7A573214F904500C3E6AF /* ViewController.swift */,
				BAD7A575214F904500C3E6AF /* Main.storyboard */,
				BAD7A578214F904500C3E6AF /* Assets.xcassets */,
				BAD7A57A214F904500C3E6AF /* LaunchScreen.storyboard */,
				BAD7A57D214F904500C3E6AF /* Info.plist */,
			);
			path = "Twitter Login";
			sourceTree = "<group>";
		};
		BAD7A585214F904500C3E6AF /* Twitter LoginTests */ = {
			isa = PBXGroup;
			children = (
				BAD7A586214F904500C3E6AF /* Twitter_LoginTests.swift */,
				BAD7A588214F904500C3E6AF /* Info.plist */,
			);
			path = "Twitter LoginTests";
			sourceTree = "<group>";
		};
		BAD7A590214F904500C3E6AF /* Twitter LoginUITests */ = {
			isa = PBXGroup;
			children = (
				BAD7A591214F904500C3E6AF /* Twitter_LoginUITests.swift */,
				BAD7A593214F904500C3E6AF /* Info.plist */,
			);
			path = "Twitter LoginUITests";
			sourceTree = "<group>";
		};
/* End PBXGroup section */

/* Begin PBXNativeTarget section */
		BAD7A56D214F904500C3E6AF /* Twitter Login */ = {
			isa = PBXNativeTarget;
			buildConfigurationList = BAD7A596214F904500C3E6AF /* Build configuration list for PBXNativeTarget "Twitter Login" */;
			buildPhases = (
				BAD7A56A214F904500C3E6AF /* Sources */,
				BAD7A56B214F904500C3E6AF /* Frameworks */,
				BAD7A56C214F904500C3E6AF /* Resources */,
			);
			buildRules = (
			);
			dependencies = (
			);
			name = "Twitter Login";
			productName = "Twitter Login";
			productReference = BAD7A56E214F904500C3E6AF /* Twitter Login.app */;
			productType = "com.apple.product-type.application";
		};
		BAD7A581214F904500C3E6AF /* Twitter LoginTests */ = {
			isa = PBXNativeTarget;
			buildConfigurationList = BAD7A599214F904500C3E6AF /* Build configuration list for PBXNativeTarget "Twitter LoginTests" */;
			buildPhases = (
				BAD7A57E214F904500C3E6AF /* Sources */,
				BAD7A57F214F904500C3E6AF /* Frameworks */,
				BAD7A580214F904500C3E6AF /* Resources */,
			);
			buildRules = (
			);
			dependencies = (
				BAD7A584214F904500C3E6AF /* PBXTargetDependency */,
			);
			name = "Twitter LoginTests";
			productName = "Twitter LoginTests";
			productReference = BAD7A582214F904500C3E6AF /* Twitter LoginTests.xctest */;
			productType = "com.apple.product-type.bundle.unit-test";
		};
		BAD7A58C214F904500C3E6AF /* Twitter LoginUITests */ = {
			isa = PBXNativeTarget;
			buildConfigurationList = BAD7A59C214F904500C3E6AF /* Build configuration list for PBXNativeTarget "Twitter LoginUITests" */;
			buildPhases = (
				BAD7A589214F904500C3E6AF /* Sources */,
				BAD7A58A214F904500C3E6AF /* Frameworks */,
				BAD7A58B214F904500C3E6AF /* Resources */,
			);
			buildRules = (
			);
			dependencies = (
				BAD7A58F214F904500C3E6AF /* PBXTargetDependency */,
			);
			name = "Twitter LoginUITests";
			productName = "Twitter LoginUITests";
			productReference = BAD7A58D214F904500C3E6AF /* Twitter LoginUITests.xctest */;
			productType = "com.apple.product-type.bundle.ui-testing";
		};
/* End PBXNativeTarget section */

/* Begin PBXProject section */
		BAD7A566214F904500C3E6AF /* Project object */ = {
			isa = PBXProject;
			attributes = {
				LastSwiftUpdateCheck = 0730;
				LastUpgradeCheck = 0730;
				ORGANIZATIONNAME = "Rasika Patil";
				TargetAttributes = {
					BAD7A56D214F904500C3E6AF = {
						CreatedOnToolsVersion = 7.3;
					};
					BAD7A581214F904500C3E6AF = {
						CreatedOnToolsVersion = 7.3;
						TestTargetID = BAD7A56D214F904500C3E6AF;
					};
					BAD7A58C214F904500C3E6AF = {
						CreatedOnToolsVersion = 7.3;
						TestTargetID = BAD7A56D214F904500C3E6AF;
					};
				};
			};
			buildConfigurationList = BAD7A569214F904500C3E6AF /* Build configuration list for PBXProject "Twitter Login" */;
			compatibilityVersion = "Xcode 3.2";
			developmentRegion = English;
			hasScannedForEncodings = 0;
			knownRegions = (
				en,
				Base,
			);
			mainGroup = BAD7A565214F904500C3E6AF;
			productRefGroup = BAD7A56F214F904500C3E6AF /* Products */;
			projectDirPath = "";
			projectRoot = "";
			targets = (
				BAD7A56D214F904500C3E6AF /* Twitter Login */,
				BAD7A581214F904500C3E6AF /* Twitter LoginTests */,
				BAD7A58C214F904500C3E6AF /* Twitter LoginUITests */,
			);
		};
/* End PBXProject section */

/* Begin PBXResourcesBuildPhase section */
		BAD7A56C214F904500C3E6AF /* Resources */ = {
			isa = PBXResourcesBuildPhase;
			buildActionMask = 2147483647;
			files = (
				BAD7A57C214F904500C3E6AF /* LaunchScreen.storyboard in Resources */,
				BAD7A579214F904500C3E6AF /* Assets.xcassets in Resources */,
				BAD7A577214F904500C3E6AF /* Main.storyboard in Resources */,
			);
			runOnlyForDeploymentPostprocessing = 0;
		};
		BAD7A580214F904500C3E6AF /* Resources */ = {
			isa = PBXResourcesBuildPhase;
			buildActionMask = 2147483647;
			files = (
			);
			runOnlyForDeploymentPostprocessing = 0;
		};
		BAD7A58B214F904500C3E6AF /* Resources */ = {
			isa = PBXResourcesBuildPhase;
			buildActionMask = 2147483647;
			files = (
			);
			runOnlyForDeploymentPostprocessing = 0;
		};
/* End PBXResourcesBuildPhase section */

/* Begin PBXSourcesBuildPhase section */
		BAD7A56A214F904500C3E6AF /* Sources */ = {
			isa = PBXSourcesBuildPhase;
			buildActionMask = 2147483647;
			files = (
				BAD7A574214F904500C3E6AF /* ViewController.swift in Sources */,
				BAD7A572214F904500C3E6AF /* AppDelegate.swift in Sources */,
			);
			runOnlyForDeploymentPostprocessing = 0;
		};
		BAD7A57E214F904500C3E6AF /* Sources */ = {
			isa = PBXSourcesBuildPhase;
			buildActionMask = 2147483647;
			files = (
				BAD7A587214F904500C3E6AF /* Twitter_LoginTests.swift in Sources */,
			);
			runOnlyForDeploymentPostprocessing = 0;
		};
		BAD7A589214F904500C3E6AF /* Sources */ = {
			isa = PBXSourcesBuildPhase;
			buildActionMask = 2147483647;
			files = (
				BAD7A592214F904500C3E6AF /* Twitter_LoginUITests.swift in Sources */,
			);
			runOnlyForDeploymentPostprocessing = 0;
		};
/* End PBXSourcesBuildPhase section */

/* Begin PBXTargetDependency section */
		BAD7A584214F904500C3E6AF /* PBXTargetDependency */ = {
			isa = PBXTargetDependency;
			target = BAD7A56D214F904500C3E6AF /* Twitter Login */;
			targetProxy = BAD7A583214F904500C3E6AF /* PBXContainerItemProxy */;
		};
		BAD7A58F214F904500C3E6AF /* PBXTargetDependency */ = {
			isa = PBXTargetDependency;
			target = BAD7A56D214F904500C3E6AF /* Twitter Login */;
			targetProxy = BAD7A58E214F904500C3E6AF /* PBXContainerItemProxy */;
		};
/* End PBXTargetDependency section */

/* Begin PBXVariantGroup section */
		BAD7A575214F904500C3E6AF /* Main.storyboard */ = {
			isa = PBXVariantGroup;
			children = (
				BAD7A576214F904500C3E6AF /* Base */,
			);
			name = Main.storyboard;
			sourceTree = "<group>";
		};
		BAD7A57A214F904500C3E6AF /* LaunchScreen.storyboard */ = {
			isa = PBXVariantGroup;
			children = (
				BAD7A57B214F904500C3E6AF /* Base */,
			);
			name = LaunchScreen.storyboard;
			sourceTree = "<group>";
		};
/* End PBXVariantGroup section */

/* Begin XCBuildConfiguration section */
		BAD7A594214F904500C3E6AF /* Debug */ = {
			isa = XCBuildConfiguration;
			buildSettings = {
				ALWAYS_SEARCH_USER_PATHS = NO;
				CLANG_ANALYZER_NONNULL = YES;
				CLANG_CXX_LANGUAGE_STANDARD = "gnu++0x";
				CLANG_CXX_LIBRARY = "libc++";
				CLANG_ENABLE_MODULES = YES;
				CLANG_ENABLE_OBJC_ARC = YES;
				CLANG_WARN_BOOL_CONVERSION = YES;
				CLANG_WARN_CONSTANT_CONVERSION = YES;
				CLANG_WARN_DIRECT_OBJC_ISA_USAGE = YES_ERROR;
				CLANG_WARN_EMPTY_BODY = YES;
				CLANG_WARN_ENUM_CONVERSION = YES;
				CLANG_WARN_INT_CONVERSION = YES;
				CLANG_WARN_OBJC_ROOT_CLASS = YES_ERROR;
				CLANG_WARN_UNREACHABLE_CODE = YES;
				CLANG_WARN__DUPLICATE_METHOD_MATCH = YES;
				"CODE_SIGN_IDENTITY[sdk=iphoneos*]" = "iPhone Developer";
				COPY_PHASE_STRIP = NO;
				DEBUG_INFORMATION_FORMAT = dwarf;
				ENABLE_STRICT_OBJC_MSGSEND = YES;
				ENABLE_TESTABILITY = YES;
				GCC_C_LANGUAGE_STANDARD = gnu99;
				GCC_DYNAMIC_NO_PIC = NO;
				GCC_NO_COMMON_BLOCKS = YES;
				GCC_OPTIMIZATION_LEVEL = 0;
				GCC_PREPROCESSOR_DEFINITIONS = (
					"DEBUG=1",
					"$(inherited)",
				);
				GCC_WARN_64_TO_32_BIT_CONVERSION = YES;
				GCC_WARN_ABOUT_RETURN_TYPE = YES_ERROR;
				GCC_WARN_UNDECLARED_SELECTOR = YES;
				GCC_WARN_UNINITIALIZED_AUTOS = YES_AGGRESSIVE;
				GCC_WARN_UNUSED_FUNCTION = YES;
				GCC_WARN_UNUSED_VARIABLE = YES;
				IPHONEOS_DEPLOYMENT_TARGET = 9.3;
				MTL_ENABLE_DEBUG_INFO = YES;
				ONLY_ACTIVE_ARCH = YES;
				SDKROOT = iphoneos;
				SWIFT_OPTIMIZATION_LEVEL = "-Onone";
			};
			name = Debug;
		};
		BAD7A595214F904500C3E6AF /* Release */ = {
			isa = XCBuildConfiguration;
			buildSettings = {
				ALWAYS_SEARCH_USER_PATHS = NO;
				CLANG_ANALYZER_NONNULL = YES;
				CLANG_CXX_LANGUAGE_STANDARD = "gnu++0x";
				CLANG_CXX_LIBRARY = "libc++";
				CLANG_ENABLE_MODULES = YES;
				CLANG_ENABLE_OBJC_ARC = YES;
				CLANG_WARN_BOOL_CONVERSION = YES;
				CLANG_WARN_CONSTANT_CONVERSION = YES;
				CLANG_WARN_DIRECT_OBJC_ISA_USAGE = YES_ERROR;
				CLANG_WARN_EMPTY_BODY = YES;
				CLANG_WARN_ENUM_CONVERSION = YES;
				CLANG_WARN_INT_CONVERSION = YES;
				CLANG_WARN_OBJC_ROOT_CLASS = YES_ERROR;
				CLANG_WARN_UNREACHABLE_CODE = YES;
				CLANG_WARN__DUPLICATE_METHOD_MATCH = YES;
				"CODE_SIGN_IDENTITY[sdk=iphoneos*]" = "iPhone Developer";
				COPY_PHASE_STRIP = NO;
				DEBUG_INFORMATION_FORMAT = "dwarf-with-dsym";
				ENABLE_NS_ASSERTIONS = NO;
				ENABLE_STRICT_OBJC_MSGSEND = YES;
				GCC_C_LANGUAGE_STANDARD = gnu99;
				GCC_NO_COMMON_BLOCKS = YES;
				GCC_WARN_64_TO_32_BIT_CONVERSION = YES;
				GCC_WARN_ABOUT_RETURN_TYPE = YES_ERROR;
				GCC_WARN_UNDECLARED_SELECTOR = YES;
				GCC_WARN_UNINITIALIZED_AUTOS = YES_AGGRESSIVE;
				GCC_WARN_UNUSED_FUNCTION = YES;
				GCC_WARN_UNUSED_VARIABLE = YES;
				IPHONEOS_DEPLOYMENT_TARGET = 9.3;
				MTL_ENABLE_DEBUG_INFO = NO;
				SDKROOT = iphoneos;
				VALIDATE_PRODUCT = YES;
			};
			name = Release;
		};
		BAD7A597214F904500C3E6AF /* Debug */ = {
			isa = XCBuildConfiguration;
			buildSettings = {
				ASSETCATALOG_COMPILER_APPICON_NAME = AppIcon;
				INFOPLIST_FILE = "Twitter Login/Info.plist";
				LD_RUNPATH_SEARCH_PATHS = "$(inherited) @executable_path/Frameworks";
				PRODUCT_BUNDLE_IDENTIFIER = "Rasika.Twitter-Login";
				PRODUCT_NAME = "$(TARGET_NAME)";
			};
			name = Debug;
		};
		BAD7A598214F904500C3E6AF /* Release */ = {
			isa = XCBuildConfiguration;
			buildSettings = {
				ASSETCATALOG_COMPILER_APPICON_NAME = AppIcon;
				INFOPLIST_FILE = "Twitter Login/Info.plist";
				LD_RUNPATH_SEARCH_PATHS = "$(inherited) @executable_path/Frameworks";
				PRODUCT_BUNDLE_IDENTIFIER = "Rasika.Twitter-Login";
				PRODUCT_NAME = "$(TARGET_NAME)";
			};
			name = Release;
		};
		BAD7A59A214F904500C3E6AF /* Debug */ = {
			isa = XCBuildConfiguration;
			buildSettings = {
				BUNDLE_LOADER = "$(TEST_HOST)";
				INFOPLIST_FILE = "Twitter LoginTests/Info.plist";
				LD_RUNPATH_SEARCH_PATHS = "$(inherited) @executable_path/Frameworks @loader_path/Frameworks";
				PRODUCT_BUNDLE_IDENTIFIER = "Rasika.Twitter-LoginTests";
				PRODUCT_NAME = "$(TARGET_NAME)";
				TEST_HOST = "$(BUILT_PRODUCTS_DIR)/Twitter Login.app/Twitter Login";
			};
			name = Debug;
		};
		BAD7A59B214F904500C3E6AF /* Release */ = {
			isa = XCBuildConfiguration;
			buildSettings = {
				BUNDLE_LOADER = "$(TEST_HOST)";
				INFOPLIST_FILE = "Twitter LoginTests/Info.plist";
				LD_RUNPATH_SEARCH_PATHS = "$(inherited) @executable_path/Frameworks @loader_path/Frameworks";
				PRODUCT_BUNDLE_IDENTIFIER = "Rasika.Twitter-LoginTests";
				PRODUCT_NAME = "$(TARGET_NAME)";
				TEST_HOST = "$(BUILT_PRODUCTS_DIR)/Twitter Login.app/Twitter Login";
			};
			name = Release;
		};
		BAD7A59D214F904500C3E6AF /* Debug */ = {
			isa = XCBuildConfiguration;
			buildSettings = {
				INFOPLIST_FILE = "Twitter LoginUITests/Info.plist";
				LD_RUNPATH_SEARCH_PATHS = "$(inherited) @executable_path/Frameworks @loader_path/Frameworks";
				PRODUCT_BUNDLE_IDENTIFIER = "Rasika.Twitter-LoginUITests";
				PRODUCT_NAME = "$(TARGET_NAME)";
				TEST_TARGET_NAME = "Twitter Login";
			};
			name = Debug;
		};
		BAD7A59E214F904500C3E6AF /* Release */ = {
			isa = XCBuildConfiguration;
			buildSettings = {
				INFOPLIST_FILE = "Twitter LoginUITests/Info.plist";
				LD_RUNPATH_SEARCH_PATHS = "$(inherited) @executable_path/Frameworks @loader_path/Frameworks";
				PRODUCT_BUNDLE_IDENTIFIER = "Rasika.Twitter-LoginUITests";
				PRODUCT_NAME = "$(TARGET_NAME)";
				TEST_TARGET_NAME = "Twitter Login";
			};
			name = Release;
		};
/* End XCBuildConfiguration section */

/* Begin XCConfigurationList section */
		BAD7A569214F904500C3E6AF /* Build configuration list for PBXProject "Twitter Login" */ = {
			isa = XCConfigurationList;
			buildConfigurations = (
				BAD7A594214F904500C3E6AF /* Debug */,
				BAD7A595214F904500C3E6AF /* Release */,
			);
			defaultConfigurationIsVisible = 0;
			defaultConfigurationName = Release;
		};
		BAD7A596214F904500C3E6AF /* Build configuration list for PBXNativeTarget "Twitter Login" */ = {
			isa = XCConfigurationList;
			buildConfigurations = (
				BAD7A597214F904500C3E6AF /* Debug */,
				BAD7A598214F904500C3E6AF /* Release */,
			);
			defaultConfigurationIsVisible = 0;
		};
		BAD7A599214F904500C3E6AF /* Build configuration list for PBXNativeTarget "Twitter LoginTests" */ = {
			isa = XCConfigurationList;
			buildConfigurations = (
				BAD7A59A214F904500C3E6AF /* Debug */,
				BAD7A59B214F904500C3E6AF /* Release */,
			);
			defaultConfigurationIsVisible = 0;
		};
		BAD7A59C214F904500C3E6AF /* Build configuration list for PBXNativeTarget "Twitter LoginUITests" */ = {
			isa = XCConfigurationList;
			buildConfigurations = (
				BAD7A59D214F904500C3E6AF /* Debug */,
				BAD7A59E214F904500C3E6AF /* Release */,
			);
			defaultConfigurationIsVisible = 0;
		};
/* End XCConfigurationList section */
	};
	rootObject = BAD7A566214F904500C3E6AF /* Project object */;
}
